Microsoft Visual Studio Solution File, Format Version 12.00
# Visual Studio Version 17
VisualStudioVersion = 17.5.2.0
MinimumVisualStudioVersion = 10.0.40219.1
Project("{FAE04EC0-301F-11D3-BF4B-00C04F79EFBC}") = "service-f", "service-f\service-f.csproj", "{96F83F8D-6FCF-A5F5-2890-915AA0F88FCD}"
EndProject
Global
	GlobalSection(SolutionConfigurationPlatforms) = preSolution
		Debug|Any CPU = Debug|Any CPU
		Release|Any CPU = Release|Any CPU
	EndGlobalSection
	GlobalSection(ProjectConfigurationPlatforms) = postSolution
		{96F83F8D-6FCF-A5F5-2890-915AA0F88FCD}.Debug|Any CPU.ActiveCfg = Debug|Any CPU
		{96F83F8D-6FCF-A5F5-2890-915AA0F88FCD}.Debug|Any CPU.Build.0 = Debug|Any CPU
		{96F83F8D-6FCF-A5F5-2890-915AA0F88FCD}.Release|Any CPU.ActiveCfg = Release|Any CPU
		{96F83F8D-6FCF-A5F5-2890-915AA0F88FCD}.Release|Any CPU.Build.0 = Release|Any CPU
	EndGlobalSection
	GlobalSection(SolutionProperties) = preSolution
		HideSolutionNode = FALSE
	EndGlobalSection
	GlobalSection(ExtensibilityGlobals) = postSolution
		SolutionGuid = {2E56CBD7-E3A4-48FF-8C89-78A12C877276}
	EndGlobalSection
EndGlobal
